<?xml version="1.0" encoding="utf-8"?>
<Project ToolsVersion="4.0" xmlns="http://schemas.microsoft.com/developer/msbuild/2003">
  <ItemGroup>
    <Filter Include="Sources">
      <UniqueIdentifier>{bde67009-0e34-437b-9dc9-0ecbc1985f35}</UniqueIdentifier>
    </Filter>
    <Filter Include="Kernels">
      <UniqueIdentifier>{d8942837-2d7e-43fc-b97e-cae181dc4458}</UniqueIdentifier>
    </Filter>
  </ItemGroup>
  <ItemGroup>
    <CudaCompile Include="Cudaflow.cu">
      <Filter>Sources</Filter>
    </CudaCompile>
    <CudaCompile Include="Inpainting.cu">
      <Filter>Sources</Filter>
    </CudaCompile>
    <CudaCompile Include="LDCudaflow.cu">
      <Filter>Sources</Filter>
    </CudaCompile>
    <CudaCompile Include="Reconflow.cu">
      <Filter>Sources</Filter>
    </CudaCompile>
    <CudaCompile Include="addKernel.cu">
      <Filter>Kernels</Filter>
    </CudaCompile>
    <CudaCompile Include="computeDeriv.cu">
      <Filter>Kernels</Filter>
    </CudaCompile>
    <CudaCompile Include="computeDerivatives.cu">
      <Filter>Kernels</Filter>
    </CudaCompile>
    <CudaCompile Include="computeDerivativesPatch.cu">
      <Filter>Kernels</Filter>
    </CudaCompile>
    <CudaCompile Include="correlation.cu">
      <Filter>Kernels</Filter>
    </CudaCompile>
    <CudaCompile Include="downscale.cu">
      <Filter>Kernels</Filter>
    </CudaCompile>
    <CudaCompile Include="flowToHSV.cu">
      <Filter>Kernels</Filter>
    </CudaCompile>
    <CudaCompile Include="medianFilter.cu">
      <Filter>Kernels</Filter>
    </CudaCompile>
    <CudaCompile Include="rgbToGray.cu">
      <Filter>Kernels</Filter>
    </CudaCompile>
    <CudaCompile Include="solve3dMinimalArea.cu">
      <Filter>Kernels</Filter>
    </CudaCompile>
    <CudaCompile Include="solveBK.cu">
      <Filter>Kernels</Filter>
    </CudaCompile>
    <CudaCompile Include="solveDataCharb.cu">
      <Filter>Kernels</Filter>
    </CudaCompile>
    <CudaCompile Include="solveDataCharbForTV.cu">
      <Filter>Kernels</Filter>
    </CudaCompile>
    <CudaCompile Include="solveDataCharbForTVGrad.cu">
      <Filter>Kernels</Filter>
    </CudaCompile>
    <CudaCompile Include="solveDataL1.cu">
      <Filter>Kernels</Filter>
    </CudaCompile>
    <CudaCompile Include="solveDataL1Inpaint.cu">
      <Filter>Kernels</Filter>
    </CudaCompile>
    <CudaCompile Include="solveReconDataL1.cu">
      <Filter>Kernels</Filter>
    </CudaCompile>
    <CudaCompile Include="solveSceneFlow.cu">
      <Filter>Kernels</Filter>
    </CudaCompile>
    <CudaCompile Include="solveSmoothDualTVGlobal.cu">
      <Filter>Kernels</Filter>
    </CudaCompile>
    <CudaCompile Include="solveSmoothGaussianGlobal.cu">
      <Filter>Kernels</Filter>
    </CudaCompile>
    <CudaCompile Include="solveSmoothGaussianTex.cu">
      <Filter>Kernels</Filter>
    </CudaCompile>
    <CudaCompile Include="solveSmoothMedianGlobal.cu">
      <Filter>Kernels</Filter>
    </CudaCompile>
    <CudaCompile Include="solveUcSk.cu">
      <Filter>Kernels</Filter>
    </CudaCompile>
    <CudaCompile Include="solveUVProj.cu">
      <Filter>Kernels</Filter>
    </CudaCompile>
    <CudaCompile Include="upscale.cu">
      <Filter>Kernels</Filter>
    </CudaCompile>
    <CudaCompile Include="warpImage.cu">
      <Filter>Kernels</Filter>
    </CudaCompile>
  </ItemGroup>
  <ItemGroup>
    <ClInclude Include="lib_link.h">
      <Filter>Sources</Filter>
    </ClInclude>
    <ClInclude Include="CameraPose.h">
      <Filter>Sources</Filter>
    </ClInclude>
    <ClInclude Include="common.h">
      <Filter>Sources</Filter>
    </ClInclude>
    <ClInclude Include="Reconflow.h">
      <Filter>Sources</Filter>
    </ClInclude>
    <ClInclude Include="Cudaflow.h">
      <Filter>Sources</Filter>
    </ClInclude>
  </ItemGroup>
  <ItemGroup>
    <ClCompile Include="CameraPose.cpp">
      <Filter>Sources</Filter>
    </ClCompile>
  </ItemGroup>
</Project>